
Microsoft Visual Studio Solution File, Format Version 12.00
# Visual Studio Version 17
VisualStudioVersion = 17.7.34003.232
MinimumVisualStudioVersion = 10.0.40219.1
Project("{FAE04EC0-301F-11D3-BF4B-00C04F79EFBC}") = "CODE.ID TEST PROJECT", "CODE.ID TEST PROJECT\CODE.ID TEST PROJECT.csproj", "{D63A9312-3476-4A38-8ED6-57D65C8A0404}"
EndProject
Global
	GlobalSection(SolutionConfigurationPlatforms) = preSolution
		Debug|Any CPU = Debug|Any CPU
		Release|Any CPU = Release|Any CPU
	EndGlobalSection
	GlobalSection(ProjectConfigurationPlatforms) = postSolution
		{D63A9312-3476-4A38-8ED6-57D65C8A0404}.Debug|Any CPU.ActiveCfg = Debug|Any CPU
		{D63A9312-3476-4A38-8ED6-57D65C8A0404}.Debug|Any CPU.Build.0 = Debug|Any CPU
		{D63A9312-3476-4A38-8ED6-57D65C8A0404}.Release|Any CPU.ActiveCfg = Release|Any CPU
		{D63A9312-3476-4A38-8ED6-57D65C8A0404}.Release|Any CPU.Build.0 = Release|Any CPU
	EndGlobalSection
	GlobalSection(SolutionProperties) = preSolution
		HideSolutionNode = FALSE
	EndGlobalSection
	GlobalSection(ExtensibilityGlobals) = postSolution
		SolutionGuid = {BF6113D0-4998-4E4F-8DDA-425CC1A336DA}
	EndGlobalSection
EndGlobal
